
Microsoft Visual Studio Solution File, Format Version 12.00
# Visual Studio Version 17
VisualStudioVersion = 17.0.31912.275
MinimumVisualStudioVersion = 10.0.40219.1
Project("{8BC9CEB8-8B4A-11D0-8D11-00A0C91BC942}") = "numero_pari_vettore", "numero_pari_vettore\numero_pari_vettore.vcxproj", "{193B6C95-24B5-40FC-ACF5-7AC057355719}"
EndProject
Global
	GlobalSection(SolutionConfigurationPlatforms) = preSolution
		Debug|x64 = Debug|x64
		Debug|x86 = Debug|x86
		Release|x64 = Release|x64
		Release|x86 = Release|x86
	EndGlobalSection
	GlobalSection(ProjectConfigurationPlatforms) = postSolution
		{193B6C95-24B5-40FC-ACF5-7AC057355719}.Debug|x64.ActiveCfg = Debug|x64
		{193B6C95-24B5-40FC-ACF5-7AC057355719}.Debug|x64.Build.0 = Debug|x64
		{193B6C95-24B5-40FC-ACF5-7AC057355719}.Debug|x86.ActiveCfg = Debug|Win32
		{193B6C95-24B5-40FC-ACF5-7AC057355719}.Debug|x86.Build.0 = Debug|Win32
		{193B6C95-24B5-40FC-ACF5-7AC057355719}.Release|x64.ActiveCfg = Release|x64
		{193B6C95-24B5-40FC-ACF5-7AC057355719}.Release|x64.Build.0 = Release|x64
		{193B6C95-24B5-40FC-ACF5-7AC057355719}.Release|x86.ActiveCfg = Release|Win32
		{193B6C95-24B5-40FC-ACF5-7AC057355719}.Release|x86.Build.0 = Release|Win32
	EndGlobalSection
	GlobalSection(SolutionProperties) = preSolution
		HideSolutionNode = FALSE
	EndGlobalSection
	GlobalSection(ExtensibilityGlobals) = postSolution
		SolutionGuid = {E0328E69-F45A-4BB1-9AEF-4FCB06DC8CB4}
	EndGlobalSection
EndGlobal
